
Microsoft Visual Studio Solution File, Format Version 12.00
# Visual Studio Version 16
VisualStudioVersion = 16.0.29709.97
MinimumVisualStudioVersion = 10.0.40219.1
Project("{FAE04EC0-301F-11D3-BF4B-00C04F79EFBC}") = "JsonAPITsak", "JsonAPITsak\JsonAPITsak.csproj", "{ABCFAC81-A032-4636-B150-580D7F2024DE}"
EndProject
Global
	GlobalSection(SolutionConfigurationPlatforms) = preSolution
		Debug|Any CPU = Debug|Any CPU
		Release|Any CPU = Release|Any CPU
	EndGlobalSection
	GlobalSection(ProjectConfigurationPlatforms) = postSolution
		{ABCFAC81-A032-4636-B150-580D7F2024DE}.Debug|Any CPU.ActiveCfg = Debug|Any CPU
		{ABCFAC81-A032-4636-B150-580D7F2024DE}.Debug|Any CPU.Build.0 = Debug|Any CPU
		{ABCFAC81-A032-4636-B150-580D7F2024DE}.Release|Any CPU.ActiveCfg = Release|Any CPU
		{ABCFAC81-A032-4636-B150-580D7F2024DE}.Release|Any CPU.Build.0 = Release|Any CPU
	EndGlobalSection
	GlobalSection(SolutionProperties) = preSolution
		HideSolutionNode = FALSE
	EndGlobalSection
	GlobalSection(ExtensibilityGlobals) = postSolution
		SolutionGuid = {C02903A5-AF2D-45EC-9B79-2A152BAB1354}
	EndGlobalSection
EndGlobal
